
Microsoft Visual Studio Solution File, Format Version 12.00
# Visual Studio Version 17
VisualStudioVersion = 17.9.34728.123
MinimumVisualStudioVersion = 10.0.40219.1
Project("{9A19103F-16F7-4668-BE54-9A1E7A4F7556}") = "MockMentorRESTAPI", "MockMentorRESTAPI\MockMentorRESTAPI.csproj", "{99D286A9-495A-4D5B-8E5F-D6CBC52011B5}"
EndProject
Project("{2150E333-8FDC-42A3-9474-1A3956D46DE8}") = "Solution Items", "Solution Items", "{6BC1ED62-C5BC-4C1D-ABB4-C65BAFF1CE5E}"
	ProjectSection(SolutionItems) = preProject
		.gitignore = .gitignore
	EndProjectSection
EndProject
Project("{FAE04EC0-301F-11D3-BF4B-00C04F79EFBC}") = "MockMentorConsumer", "MockMentorConsumer\MockMentorConsumer.csproj", "{88BA62B7-AE39-4055-A8D9-FA0800F25512}"
EndProject
Global
	GlobalSection(SolutionConfigurationPlatforms) = preSolution
		Debug|Any CPU = Debug|Any CPU
		Release|Any CPU = Release|Any CPU
	EndGlobalSection
	GlobalSection(ProjectConfigurationPlatforms) = postSolution
		{99D286A9-495A-4D5B-8E5F-D6CBC52011B5}.Debug|Any CPU.ActiveCfg = Debug|Any CPU
		{99D286A9-495A-4D5B-8E5F-D6CBC52011B5}.Debug|Any CPU.Build.0 = Debug|Any CPU
		{99D286A9-495A-4D5B-8E5F-D6CBC52011B5}.Release|Any CPU.ActiveCfg = Release|Any CPU
		{99D286A9-495A-4D5B-8E5F-D6CBC52011B5}.Release|Any CPU.Build.0 = Release|Any CPU
		{88BA62B7-AE39-4055-A8D9-FA0800F25512}.Debug|Any CPU.ActiveCfg = Debug|Any CPU
		{88BA62B7-AE39-4055-A8D9-FA0800F25512}.Debug|Any CPU.Build.0 = Debug|Any CPU
		{88BA62B7-AE39-4055-A8D9-FA0800F25512}.Release|Any CPU.ActiveCfg = Release|Any CPU
		{88BA62B7-AE39-4055-A8D9-FA0800F25512}.Release|Any CPU.Build.0 = Release|Any CPU
	EndGlobalSection
	GlobalSection(SolutionProperties) = preSolution
		HideSolutionNode = FALSE
	EndGlobalSection
	GlobalSection(ExtensibilityGlobals) = postSolution
		SolutionGuid = {A7EAFA50-8A5B-44E1-8CF6-378B335A21C1}
	EndGlobalSection
EndGlobal
